// !$*UTF8*$!
{
	archiveVersion = 1;
	classes = {
	};
	objectVersion = 48;
	objects = {

/* Begin PBXBuildFile section */
		C9C204E01F8D860400EB46F8 /* AppDelegate.swift in Sources */ = {isa = PBXBuildFile; fileRef = C9C204DF1F8D860400EB46F8 /* AppDelegate.swift */; };
		C9C204E21F8D860400EB46F8 /* ViewController.swift in Sources */ = {isa = PBXBuildFile; fileRef = C9C204E11F8D860400EB46F8 /* ViewController.swift */; };
		C9C204E51F8D860400EB46F8 /* Main.storyboard in Resources */ = {isa = PBXBuildFile; fileRef = C9C204E31F8D860400EB46F8 /* Main.storyboard */; };
		C9C204E71F8D860400EB46F8 /* Assets.xcassets in Resources */ = {isa = PBXBuildFile; fileRef = C9C204E61F8D860400EB46F8 /* Assets.xcassets */; };
		C9C204EA1F8D860400EB46F8 /* LaunchScreen.storyboard in Resources */ = {isa = PBXBuildFile; fileRef = C9C204E81F8D860400EB46F8 /* LaunchScreen.storyboard */; };
		C9C204F21F8D861800EB46F8 /* MVPSegmentedControl.swift in Sources */ = {isa = PBXBuildFile; fileRef = C9C204F11F8D861800EB46F8 /* MVPSegmentedControl.swift */; };
/* End PBXBuildFile section */

/* Begin PBXFileReference section */
		C9C204DC1F8D860400EB46F8 /* SegmentedControlPlayground.app */ = {isa = PBXFileReference; explicitFileType = wrapper.application; includeInIndex = 0; path = SegmentedControlPlayground.app; sourceTree = BUILT_PRODUCTS_DIR; };
		C9C204DF1F8D860400EB46F8 /* AppDelegate.swift */ = {isa = PBXFileReference; lastKnownFileType = sourcecode.swift; path = AppDelegate.swift; sourceTree = "<group>"; };
		C9C204E11F8D860400EB46F8 /* ViewController.swift */ = {isa = PBXFileReference; lastKnownFileType = sourcecode.swift; path = ViewController.swift; sourceTree = "<group>"; };
		C9C204E41F8D860400EB46F8 /* Base */ = {isa = PBXFileReference; lastKnownFileType = file.storyboard; name = Base; path = Base.lproj/Main.storyboard; sourceTree = "<group>"; };
		C9C204E61F8D860400EB46F8 /* Assets.xcassets */ = {isa = PBXFileReference; lastKnownFileType = folder.assetcatalog; path = Assets.xcassets; sourceTree = "<group>"; };
		C9C204E91F8D860400EB46F8 /* Base */ = {isa = PBXFileReference; lastKnownFileType = file.storyboard; name = Base; path = Base.lproj/LaunchScreen.storyboard; sourceTree = "<group>"; };
		C9C204EB1F8D860400EB46F8 /* Info.plist */ = {isa = PBXFileReference; lastKnownFileType = text.plist.xml; path = Info.plist; sourceTree = "<group>"; };
		C9C204F11F8D861800EB46F8 /* MVPSegmentedControl.swift */ = {isa = PBXFileReference; lastKnownFileType = sourcecode.swift; path = MVPSegmentedControl.swift; sourceTree = "<group>"; };
/* End PBXFileReference section */

/* Begin PBXFrameworksBuildPhase section */
		C9C204D91F8D860400EB46F8 /* Frameworks */ = {
			isa = PBXFrameworksBuildPhase;
			buildActionMask = 2147483647;
			files = (
			);
			runOnlyForDeploymentPostprocessing = 0;
		};
/* End PBXFrameworksBuildPhase section */

/* Begin PBXGroup section */
		C9C204D31F8D860400EB46F8 = {
			isa = PBXGroup;
			children = (
				C9C204DE1F8D860400EB46F8 /* SegmentedControlPlayground */,
				C9C204DD1F8D860400EB46F8 /* Products */,
			);
			sourceTree = "<group>";
		};
		C9C204DD1F8D860400EB46F8 /* Products */ = {
			isa = PBXGroup;
			children = (
				C9C204DC1F8D860400EB46F8 /* SegmentedControlPlayground.app */,
			);
			name = Products;
			sourceTree = "<group>";
		};
		C9C204DE1F8D860400EB46F8 /* SegmentedControlPlayground */ = {
			isa = PBXGroup;
			children = (
				C9C204DF1F8D860400EB46F8 /* AppDelegate.swift */,
				C9C204E11F8D860400EB46F8 /* ViewController.swift */,
				C9C204E31F8D860400EB46F8 /* Main.storyboard */,
				C9C204E61F8D860400EB46F8 /* Assets.xcassets */,
				C9C204E81F8D860400EB46F8 /* LaunchScreen.storyboard */,
				C9C204EB1F8D860400EB46F8 /* Info.plist */,
				C9C204F11F8D861800EB46F8 /* MVPSegmentedControl.swift */,
			);
			path = SegmentedControlPlayground;
			sourceTree = "<group>";
		};
/* End PBXGroup section */

/* Begin PBXNativeTarget section */
		C9C204DB1F8D860400EB46F8 /* SegmentedControlPlayground */ = {
			isa = PBXNativeTarget;
			buildConfigurationList = C9C204EE1F8D860400EB46F8 /* Build configuration list for PBXNativeTarget "SegmentedControlPlayground" */;
			buildPhases = (
				C9C204D81F8D860400EB46F8 /* Sources */,
				C9C204D91F8D860400EB46F8 /* Frameworks */,
				C9C204DA1F8D860400EB46F8 /* Resources */,
			);
			buildRules = (
			);
			dependencies = (
			);
			name = SegmentedControlPlayground;
			productName = SegmentedControlPlayground;
			productReference = C9C204DC1F8D860400EB46F8 /* SegmentedControlPlayground.app */;
			productType = "com.apple.product-type.application";
		};
/* End PBXNativeTarget section */

/* Begin PBXProject section */
		C9C204D41F8D860400EB46F8 /* Project object */ = {
			isa = PBXProject;
			attributes = {
				LastSwiftUpdateCheck = 0900;
				LastUpgradeCheck = 0900;
				ORGANIZATIONNAME = "Swenson He";
				TargetAttributes = {
					C9C204DB1F8D860400EB46F8 = {
						CreatedOnToolsVersion = 9.0;
						ProvisioningStyle = Automatic;
					};
				};
			};
			buildConfigurationList = C9C204D71F8D860400EB46F8 /* Build configuration list for PBXProject "SegmentedControlPlayground" */;
			compatibilityVersion = "Xcode 8.0";
			developmentRegion = en;
			hasScannedForEncodings = 0;
			knownRegions = (
				en,
				Base,
			);
			mainGroup = C9C204D31F8D860400EB46F8;
			productRefGroup = C9C204DD1F8D860400EB46F8 /* Products */;
			projectDirPath = "";
			projectRoot = "";
			targets = (
				C9C204DB1F8D860400EB46F8 /* SegmentedControlPlayground */,
			);
		};
/* End PBXProject section */

/* Begin PBXResourcesBuildPhase section */
		C9C204DA1F8D860400EB46F8 /* Resources */ = {
			isa = PBXResourcesBuildPhase;
			buildActionMask = 2147483647;
			files = (
				C9C204EA1F8D860400EB46F8 /* LaunchScreen.storyboard in Resources */,
				C9C204E71F8D860400EB46F8 /* Assets.xcassets in Resources */,
				C9C204E51F8D860400EB46F8 /* Main.storyboard in Resources */,
			);
			runOnlyForDeploymentPostprocessing = 0;
		};
/* End PBXResourcesBuildPhase section */

/* Begin PBXSourcesBuildPhase section */
		C9C204D81F8D860400EB46F8 /* Sources */ = {
			isa = PBXSourcesBuildPhase;
			buildActionMask = 2147483647;
			files = (
				C9C204E21F8D860400EB46F8 /* ViewController.swift in Sources */,
				C9C204E01F8D860400EB46F8 /* AppDelegate.swift in Sources */,
				C9C204F21F8D861800EB46F8 /* MVPSegmentedControl.swift in Sources */,
			);
			runOnlyForDeploymentPostprocessing = 0;
		};
/* End PBXSourcesBuildPhase section */

/* Begin PBXVariantGroup section */
		C9C204E31F8D860400EB46F8 /* Main.storyboard */ = {
			isa = PBXVariantGroup;
			children = (
				C9C204E41F8D860400EB46F8 /* Base */,
			);
			name = Main.storyboard;
			sourceTree = "<group>";
		};
		C9C204E81F8D860400EB46F8 /* LaunchScreen.storyboard */ = {
			isa = PBXVariantGroup;
			children = (
				C9C204E91F8D860400EB46F8 /* Base */,
			);
			name = LaunchScreen.storyboard;
			sourceTree = "<group>";
		};
/* End PBXVariantGroup section */

/* Begin XCBuildConfiguration section */
		C9C204EC1F8D860400EB46F8 /* Debug */ = {
			isa = XCBuildConfiguration;
			buildSettings = {
				ALWAYS_SEARCH_USER_PATHS = NO;
				CLANG_ANALYZER_NONNULL = YES;
				CLANG_ANALYZER_NUMBER_OBJECT_CONVERSION = YES_AGGRESSIVE;
				CLANG_CXX_LANGUAGE_STANDARD = "gnu++14";
				CLANG_CXX_LIBRARY = "libc++";
				CLANG_ENABLE_MODULES = YES;
				CLANG_ENABLE_OBJC_ARC = YES;
				CLANG_WARN_BLOCK_CAPTURE_AUTORELEASING = YES;
				CLANG_WARN_BOOL_CONVERSION = YES;
				CLANG_WARN_COMMA = YES;
				CLANG_WARN_CONSTANT_CONVERSION = YES;
				CLANG_WARN_DIRECT_OBJC_ISA_USAGE = YES_ERROR;
				CLANG_WARN_DOCUMENTATION_COMMENTS = YES;
				CLANG_WARN_EMPTY_BODY = YES;
				CLANG_WARN_ENUM_CONVERSION = YES;
				CLANG_WARN_INFINITE_RECURSION = YES;
				CLANG_WARN_INT_CONVERSION = YES;
				CLANG_WARN_NON_LITERAL_NULL_CONVERSION = YES;
				CLANG_WARN_OBJC_LITERAL_CONVERSION = YES;
				CLANG_WARN_OBJC_ROOT_CLASS = YES_ERROR;
				CLANG_WARN_RANGE_LOOP_ANALYSIS = YES;
				CLANG_WARN_STRICT_PROTOTYPES = YES;
				CLANG_WARN_SUSPICIOUS_MOVE = YES;
				CLANG_WARN_UNGUARDED_AVAILABILITY = YES_AGGRESSIVE;
				CLANG_WARN_UNREACHABLE_CODE = YES;
				CLANG_WARN__DUPLICATE_METHOD_MATCH = YES;
				CODE_SIGN_IDENTITY = "iPhone Developer";
				COPY_PHASE_STRIP = NO;
				DEBUG_INFORMATION_FORMAT = dwarf;
				ENABLE_STRICT_OBJC_MSGSEND = YES;
				ENABLE_TESTABILITY = YES;
				GCC_C_LANGUAGE_STANDARD = gnu11;
				GCC_DYNAMIC_NO_PIC = NO;
				GCC_NO_COMMON_BLOCKS = YES;
				GCC_OPTIMIZATION_LEVEL = 0;
				GCC_PREPROCESSOR_DEFINITIONS = (
					"DEBUG=1",
					"$(inherited)",
				);
				GCC_WARN_64_TO_32_BIT_CONVERSION = YES;
				GCC_WARN_ABOUT_RETURN_TYPE = YES_ERROR;
				GCC_WARN_UNDECLARED_SELECTOR = YES;
				GCC_WARN_UNINITIALIZED_AUTOS = YES_AGGRESSIVE;
				GCC_WARN_UNUSED_FUNCTION = YES;
				GCC_WARN_UNUSED_VARIABLE = YES;
				IPHONEOS_DEPLOYMENT_TARGET = 11.0;
				MTL_ENABLE_DEBUG_INFO = YES;
				ONLY_ACTIVE_ARCH = YES;
				SDKROOT = iphoneos;
				SWIFT_ACTIVE_COMPILATION_CONDITIONS = DEBUG;
				SWIFT_OPTIMIZATION_LEVEL = "-Onone";
			};
			name = Debug;
		};
		C9C204ED1F8D860400EB46F8 /* Release */ = {
			isa = XCBuildConfiguration;
			buildSettings = {
				ALWAYS_SEARCH_USER_PATHS = NO;
				CLANG_ANALYZER_NONNULL = YES;
				CLANG_ANALYZER_NUMBER_OBJECT_CONVERSION = YES_AGGRESSIVE;
				CLANG_CXX_LANGUAGE_STANDARD = "gnu++14";
				CLANG_CXX_LIBRARY = "libc++";
				CLANG_ENABLE_MODULES = YES;
				CLANG_ENABLE_OBJC_ARC = YES;
				CLANG_WARN_BLOCK_CAPTURE_AUTORELEASING = YES;
				CLANG_WARN_BOOL_CONVERSION = YES;
				CLANG_WARN_COMMA = YES;
				CLANG_WARN_CONSTANT_CONVERSION = YES;
				CLANG_WARN_DIRECT_OBJC_ISA_USAGE = YES_ERROR;
				CLANG_WARN_DOCUMENTATION_COMMENTS = YES;
				CLANG_WARN_EMPTY_BODY = YES;
				CLANG_WARN_ENUM_CONVERSION = YES;
				CLANG_WARN_INFINITE_RECURSION = YES;
				CLANG_WARN_INT_CONVERSION = YES;
				CLANG_WARN_NON_LITERAL_NULL_CONVERSION = YES;
				CLANG_WARN_OBJC_LITERAL_CONVERSION = YES;
				CLANG_WARN_OBJC_ROOT_CLASS = YES_ERROR;
				CLANG_WARN_RANGE_LOOP_ANALYSIS = YES;
				CLANG_WARN_STRICT_PROTOTYPES = YES;
				CLANG_WARN_SUSPICIOUS_MOVE = YES;
				CLANG_WARN_UNGUARDED_AVAILABILITY = YES_AGGRESSIVE;
				CLANG_WARN_UNREACHABLE_CODE = YES;
				CLANG_WARN__DUPLICATE_METHOD_MATCH = YES;
				CODE_SIGN_IDENTITY = "iPhone Developer";
				COPY_PHASE_STRIP = NO;
				DEBUG_INFORMATION_FORMAT = "dwarf-with-dsym";
				ENABLE_NS_ASSERTIONS = NO;
				ENABLE_STRICT_OBJC_MSGSEND = YES;
				GCC_C_LANGUAGE_STANDARD = gnu11;
				GCC_NO_COMMON_BLOCKS = YES;
				GCC_WARN_64_TO_32_BIT_CONVERSION = YES;
				GCC_WARN_ABOUT_RETURN_TYPE = YES_ERROR;
				GCC_WARN_UNDECLARED_SELECTOR = YES;
				GCC_WARN_UNINITIALIZED_AUTOS = YES_AGGRESSIVE;
				GCC_WARN_UNUSED_FUNCTION = YES;
				GCC_WARN_UNUSED_VARIABLE = YES;
				IPHONEOS_DEPLOYMENT_TARGET = 11.0;
				MTL_ENABLE_DEBUG_INFO = NO;
				SDKROOT = iphoneos;
				SWIFT_OPTIMIZATION_LEVEL = "-Owholemodule";
				VALIDATE_PRODUCT = YES;
			};
			name = Release;
		};
		C9C204EF1F8D860400EB46F8 /* Debug */ = {
			isa = XCBuildConfiguration;
			buildSettings = {
				ASSETCATALOG_COMPILER_APPICON_NAME = AppIcon;
				CODE_SIGN_STYLE = Automatic;
				DEVELOPMENT_TEAM = HS2AU5449E;
				INFOPLIST_FILE = SegmentedControlPlayground/Info.plist;
				LD_RUNPATH_SEARCH_PATHS = "$(inherited) @executable_path/Frameworks";
				PRODUCT_BUNDLE_IDENTIFIER = com.swensonhe.SegmentedControlPlayground;
				PRODUCT_NAME = "$(TARGET_NAME)";
				SWIFT_VERSION = 4.0;
				TARGETED_DEVICE_FAMILY = "1,2";
			};
			name = Debug;
		};
		C9C204F01F8D860400EB46F8 /* Release */ = {
			isa = XCBuildConfiguration;
			buildSettings = {
				ASSETCATALOG_COMPILER_APPICON_NAME = AppIcon;
				CODE_SIGN_STYLE = Automatic;
				DEVELOPMENT_TEAM = HS2AU5449E;
				INFOPLIST_FILE = SegmentedControlPlayground/Info.plist;
				LD_RUNPATH_SEARCH_PATHS = "$(inherited) @executable_path/Frameworks";
				PRODUCT_BUNDLE_IDENTIFIER = com.swensonhe.SegmentedControlPlayground;
				PRODUCT_NAME = "$(TARGET_NAME)";
				SWIFT_VERSION = 4.0;
				TARGETED_DEVICE_FAMILY = "1,2";
			};
			name = Release;
		};
/* End XCBuildConfiguration section */

/* Begin XCConfigurationList section */
		C9C204D71F8D860400EB46F8 /* Build configuration list for PBXProject "SegmentedControlPlayground" */ = {
			isa = XCConfigurationList;
			buildConfigurations = (
				C9C204EC1F8D860400EB46F8 /* Debug */,
				C9C204ED1F8D860400EB46F8 /* Release */,
			);
			defaultConfigurationIsVisible = 0;
			defaultConfigurationName = Release;
		};
		C9C204EE1F8D860400EB46F8 /* Build configuration list for PBXNativeTarget "SegmentedControlPlayground" */ = {
			isa = XCConfigurationList;
			buildConfigurations = (
				C9C204EF1F8D860400EB46F8 /* Debug */,
				C9C204F01F8D860400EB46F8 /* Release */,
			);
			defaultConfigurationIsVisible = 0;
			defaultConfigurationName = Release;
		};
/* End XCConfigurationList section */
	};
	rootObject = C9C204D41F8D860400EB46F8 /* Project object */;
}
